
Microsoft Visual Studio Solution File, Format Version 12.00
# Visual Studio 15
VisualStudioVersion = 15.0.28307.136
MinimumVisualStudioVersion = 10.0.40219.1
Project("{FAE04EC0-301F-11D3-BF4B-00C04F79EFBC}") = "DynamicallyLoadedApi", "DynamicallyLoadedApi\DynamicallyLoadedApi.csproj", "{5BC4E7E0-0041-4C24-9864-65AEB8FD38A7}"
EndProject
Project("{FAE04EC0-301F-11D3-BF4B-00C04F79EFBC}") = "DynamicController", "DynamicController\DynamicController.csproj", "{3A5F5B6D-A0C1-4B01-8E9A-6100F640B872}"
EndProject
Project("{FAE04EC0-301F-11D3-BF4B-00C04F79EFBC}") = "DynamicDependency", "DynamicDependency\DynamicDependency.csproj", "{7AE86996-2913-46F0-A9C7-14489F7D0106}"
EndProject
Global
	GlobalSection(SolutionConfigurationPlatforms) = preSolution
		Debug|Any CPU = Debug|Any CPU
		Release|Any CPU = Release|Any CPU
	EndGlobalSection
	GlobalSection(ProjectConfigurationPlatforms) = postSolution
		{5BC4E7E0-0041-4C24-9864-65AEB8FD38A7}.Debug|Any CPU.ActiveCfg = Debug|Any CPU
		{5BC4E7E0-0041-4C24-9864-65AEB8FD38A7}.Debug|Any CPU.Build.0 = Debug|Any CPU
		{5BC4E7E0-0041-4C24-9864-65AEB8FD38A7}.Release|Any CPU.ActiveCfg = Release|Any CPU
		{5BC4E7E0-0041-4C24-9864-65AEB8FD38A7}.Release|Any CPU.Build.0 = Release|Any CPU
		{3A5F5B6D-A0C1-4B01-8E9A-6100F640B872}.Debug|Any CPU.ActiveCfg = Debug|Any CPU
		{3A5F5B6D-A0C1-4B01-8E9A-6100F640B872}.Debug|Any CPU.Build.0 = Debug|Any CPU
		{3A5F5B6D-A0C1-4B01-8E9A-6100F640B872}.Release|Any CPU.ActiveCfg = Release|Any CPU
		{3A5F5B6D-A0C1-4B01-8E9A-6100F640B872}.Release|Any CPU.Build.0 = Release|Any CPU
		{7AE86996-2913-46F0-A9C7-14489F7D0106}.Debug|Any CPU.ActiveCfg = Debug|Any CPU
		{7AE86996-2913-46F0-A9C7-14489F7D0106}.Debug|Any CPU.Build.0 = Debug|Any CPU
		{7AE86996-2913-46F0-A9C7-14489F7D0106}.Release|Any CPU.ActiveCfg = Release|Any CPU
		{7AE86996-2913-46F0-A9C7-14489F7D0106}.Release|Any CPU.Build.0 = Release|Any CPU
	EndGlobalSection
	GlobalSection(SolutionProperties) = preSolution
		HideSolutionNode = FALSE
	EndGlobalSection
	GlobalSection(ExtensibilityGlobals) = postSolution
		SolutionGuid = {5E948503-36EA-4F1C-9437-2A1C6D408392}
	EndGlobalSection
EndGlobal
